// !$*UTF8*$!
{
	archiveVersion = 1;
	classes = {
	};
	objectVersion = 56;
	objects = {

/* Begin PBXBuildFile section */
		41D885B02B1A409D00A713BE /* UnitsConverterApp.swift in Sources */ = {isa = PBXBuildFile; fileRef = 41D885AF2B1A409D00A713BE /* UnitsConverterApp.swift */; };
		41D885B22B1A409D00A713BE /* TemperatureConversionView.swift in Sources */ = {isa = PBXBuildFile; fileRef = 41D885B12B1A409D00A713BE /* TemperatureConversionView.swift */; };
		41D885B42B1A409E00A713BE /* Assets.xcassets in Resources */ = {isa = PBXBuildFile; fileRef = 41D885B32B1A409E00A713BE /* Assets.xcassets */; };
		41D885B72B1A409E00A713BE /* Preview Assets.xcassets in Resources */ = {isa = PBXBuildFile; fileRef = 41D885B62B1A409E00A713BE /* Preview Assets.xcassets */; };
		41D885BE2B1A4E1E00A713BE /* TemperatureViewModel.swift in Sources */ = {isa = PBXBuildFile; fileRef = 41D885BD2B1A4E1E00A713BE /* TemperatureViewModel.swift */; };
		41D885C02B1A4E3500A713BE /* UnitConverter.swift in Sources */ = {isa = PBXBuildFile; fileRef = 41D885BF2B1A4E3500A713BE /* UnitConverter.swift */; };
		41D885C22B1BFD3D00A713BE /* TimeViewModel.swift in Sources */ = {isa = PBXBuildFile; fileRef = 41D885C12B1BFD3C00A713BE /* TimeViewModel.swift */; };
		41D885C42B1BFD6100A713BE /* TimeConversionView.swift in Sources */ = {isa = PBXBuildFile; fileRef = 41D885C32B1BFD6100A713BE /* TimeConversionView.swift */; };
		41D885C62B1BFEF700A713BE /* MainConversionView.swift in Sources */ = {isa = PBXBuildFile; fileRef = 41D885C52B1BFEF700A713BE /* MainConversionView.swift */; };
		41D885C82B1C015700A713BE /* UnitPickerView.swift in Sources */ = {isa = PBXBuildFile; fileRef = 41D885C72B1C015700A713BE /* UnitPickerView.swift */; };
/* End PBXBuildFile section */

/* Begin PBXFileReference section */
		41D885AC2B1A409D00A713BE /* UnitsConverter.app */ = {isa = PBXFileReference; explicitFileType = wrapper.application; includeInIndex = 0; path = UnitsConverter.app; sourceTree = BUILT_PRODUCTS_DIR; };
		41D885AF2B1A409D00A713BE /* UnitsConverterApp.swift */ = {isa = PBXFileReference; lastKnownFileType = sourcecode.swift; path = UnitsConverterApp.swift; sourceTree = "<group>"; };
		41D885B12B1A409D00A713BE /* TemperatureConversionView.swift */ = {isa = PBXFileReference; lastKnownFileType = sourcecode.swift; path = TemperatureConversionView.swift; sourceTree = "<group>"; };
		41D885B32B1A409E00A713BE /* Assets.xcassets */ = {isa = PBXFileReference; lastKnownFileType = folder.assetcatalog; path = Assets.xcassets; sourceTree = "<group>"; };
		41D885B62B1A409E00A713BE /* Preview Assets.xcassets */ = {isa = PBXFileReference; lastKnownFileType = folder.assetcatalog; path = "Preview Assets.xcassets"; sourceTree = "<group>"; };
		41D885BD2B1A4E1E00A713BE /* TemperatureViewModel.swift */ = {isa = PBXFileReference; lastKnownFileType = sourcecode.swift; path = TemperatureViewModel.swift; sourceTree = "<group>"; };
		41D885BF2B1A4E3500A713BE /* UnitConverter.swift */ = {isa = PBXFileReference; lastKnownFileType = sourcecode.swift; path = UnitConverter.swift; sourceTree = "<group>"; };
		41D885C12B1BFD3C00A713BE /* TimeViewModel.swift */ = {isa = PBXFileReference; lastKnownFileType = sourcecode.swift; path = TimeViewModel.swift; sourceTree = "<group>"; };
		41D885C32B1BFD6100A713BE /* TimeConversionView.swift */ = {isa = PBXFileReference; lastKnownFileType = sourcecode.swift; path = TimeConversionView.swift; sourceTree = "<group>"; };
		41D885C52B1BFEF700A713BE /* MainConversionView.swift */ = {isa = PBXFileReference; lastKnownFileType = sourcecode.swift; path = MainConversionView.swift; sourceTree = "<group>"; };
		41D885C72B1C015700A713BE /* UnitPickerView.swift */ = {isa = PBXFileReference; lastKnownFileType = sourcecode.swift; path = UnitPickerView.swift; sourceTree = "<group>"; };
/* End PBXFileReference section */

/* Begin PBXFrameworksBuildPhase section */
		41D885A92B1A409D00A713BE /* Frameworks */ = {
			isa = PBXFrameworksBuildPhase;
			buildActionMask = 2147483647;
			files = (
			);
			runOnlyForDeploymentPostprocessing = 0;
		};
/* End PBXFrameworksBuildPhase section */

/* Begin PBXGroup section */
		41D885A32B1A409D00A713BE = {
			isa = PBXGroup;
			children = (
				41D885AE2B1A409D00A713BE /* UnitsConverter */,
				41D885AD2B1A409D00A713BE /* Products */,
			);
			sourceTree = "<group>";
		};
		41D885AD2B1A409D00A713BE /* Products */ = {
			isa = PBXGroup;
			children = (
				41D885AC2B1A409D00A713BE /* UnitsConverter.app */,
			);
			name = Products;
			sourceTree = "<group>";
		};
		41D885AE2B1A409D00A713BE /* UnitsConverter */ = {
			isa = PBXGroup;
			children = (
				41D885AF2B1A409D00A713BE /* UnitsConverterApp.swift */,
				41D885C52B1BFEF700A713BE /* MainConversionView.swift */,
				41D885B12B1A409D00A713BE /* TemperatureConversionView.swift */,
				41D885C32B1BFD6100A713BE /* TimeConversionView.swift */,
				41D885C72B1C015700A713BE /* UnitPickerView.swift */,
				41D885BD2B1A4E1E00A713BE /* TemperatureViewModel.swift */,
				41D885C12B1BFD3C00A713BE /* TimeViewModel.swift */,
				41D885BF2B1A4E3500A713BE /* UnitConverter.swift */,
				41D885B32B1A409E00A713BE /* Assets.xcassets */,
				41D885B52B1A409E00A713BE /* Preview Content */,
			);
			path = UnitsConverter;
			sourceTree = "<group>";
		};
		41D885B52B1A409E00A713BE /* Preview Content */ = {
			isa = PBXGroup;
			children = (
				41D885B62B1A409E00A713BE /* Preview Assets.xcassets */,
			);
			path = "Preview Content";
			sourceTree = "<group>";
		};
/* End PBXGroup section */

/* Begin PBXNativeTarget section */
		41D885AB2B1A409D00A713BE /* UnitsConverter */ = {
			isa = PBXNativeTarget;
			buildConfigurationList = 41D885BA2B1A409E00A713BE /* Build configuration list for PBXNativeTarget "UnitsConverter" */;
			buildPhases = (
				41D885A82B1A409D00A713BE /* Sources */,
				41D885A92B1A409D00A713BE /* Frameworks */,
				41D885AA2B1A409D00A713BE /* Resources */,
			);
			buildRules = (
			);
			dependencies = (
			);
			name = UnitsConverter;
			productName = UnitsConverter;
			productReference = 41D885AC2B1A409D00A713BE /* UnitsConverter.app */;
			productType = "com.apple.product-type.application";
		};
/* End PBXNativeTarget section */

/* Begin PBXProject section */
		41D885A42B1A409D00A713BE /* Project object */ = {
			isa = PBXProject;
			attributes = {
				BuildIndependentTargetsInParallel = 1;
				LastSwiftUpdateCheck = 1500;
				LastUpgradeCheck = 1500;
				TargetAttributes = {
					41D885AB2B1A409D00A713BE = {
						CreatedOnToolsVersion = 15.0;
					};
				};
			};
			buildConfigurationList = 41D885A72B1A409D00A713BE /* Build configuration list for PBXProject "UnitsConverter" */;
			compatibilityVersion = "Xcode 14.0";
			developmentRegion = en;
			hasScannedForEncodings = 0;
			knownRegions = (
				en,
				Base,
			);
			mainGroup = 41D885A32B1A409D00A713BE;
			productRefGroup = 41D885AD2B1A409D00A713BE /* Products */;
			projectDirPath = "";
			projectRoot = "";
			targets = (
				41D885AB2B1A409D00A713BE /* UnitsConverter */,
			);
		};
/* End PBXProject section */

/* Begin PBXResourcesBuildPhase section */
		41D885AA2B1A409D00A713BE /* Resources */ = {
			isa = PBXResourcesBuildPhase;
			buildActionMask = 2147483647;
			files = (
				41D885B72B1A409E00A713BE /* Preview Assets.xcassets in Resources */,
				41D885B42B1A409E00A713BE /* Assets.xcassets in Resources */,
			);
			runOnlyForDeploymentPostprocessing = 0;
		};
/* End PBXResourcesBuildPhase section */

/* Begin PBXSourcesBuildPhase section */
		41D885A82B1A409D00A713BE /* Sources */ = {
			isa = PBXSourcesBuildPhase;
			buildActionMask = 2147483647;
			files = (
				41D885C82B1C015700A713BE /* UnitPickerView.swift in Sources */,
				41D885C62B1BFEF700A713BE /* MainConversionView.swift in Sources */,
				41D885B22B1A409D00A713BE /* TemperatureConversionView.swift in Sources */,
				41D885C22B1BFD3D00A713BE /* TimeViewModel.swift in Sources */,
				41D885B02B1A409D00A713BE /* UnitsConverterApp.swift in Sources */,
				41D885C02B1A4E3500A713BE /* UnitConverter.swift in Sources */,
				41D885BE2B1A4E1E00A713BE /* TemperatureViewModel.swift in Sources */,
				41D885C42B1BFD6100A713BE /* TimeConversionView.swift in Sources */,
			);
			runOnlyForDeploymentPostprocessing = 0;
		};
/* End PBXSourcesBuildPhase section */

/* Begin XCBuildConfiguration section */
		41D885B82B1A409E00A713BE /* Debug */ = {
			isa = XCBuildConfiguration;
			buildSettings = {
				ALWAYS_SEARCH_USER_PATHS = NO;
				ASSETCATALOG_COMPILER_GENERATE_SWIFT_ASSET_SYMBOL_EXTENSIONS = YES;
				CLANG_ANALYZER_NONNULL = YES;
				CLANG_ANALYZER_NUMBER_OBJECT_CONVERSION = YES_AGGRESSIVE;
				CLANG_CXX_LANGUAGE_STANDARD = "gnu++20";
				CLANG_ENABLE_MODULES = YES;
				CLANG_ENABLE_OBJC_ARC = YES;
				CLANG_ENABLE_OBJC_WEAK = YES;
				CLANG_WARN_BLOCK_CAPTURE_AUTORELEASING = YES;
				CLANG_WARN_BOOL_CONVERSION = YES;
				CLANG_WARN_COMMA = YES;
				CLANG_WARN_CONSTANT_CONVERSION = YES;
				CLANG_WARN_DEPRECATED_OBJC_IMPLEMENTATIONS = YES;
				CLANG_WARN_DIRECT_OBJC_ISA_USAGE = YES_ERROR;
				CLANG_WARN_DOCUMENTATION_COMMENTS = YES;
				CLANG_WARN_EMPTY_BODY = YES;
				CLANG_WARN_ENUM_CONVERSION = YES;
				CLANG_WARN_INFINITE_RECURSION = YES;
				CLANG_WARN_INT_CONVERSION = YES;
				CLANG_WARN_NON_LITERAL_NULL_CONVERSION = YES;
				CLANG_WARN_OBJC_IMPLICIT_RETAIN_SELF = YES;
				CLANG_WARN_OBJC_LITERAL_CONVERSION = YES;
				CLANG_WARN_OBJC_ROOT_CLASS = YES_ERROR;
				CLANG_WARN_QUOTED_INCLUDE_IN_FRAMEWORK_HEADER = YES;
				CLANG_WARN_RANGE_LOOP_ANALYSIS = YES;
				CLANG_WARN_STRICT_PROTOTYPES = YES;
				CLANG_WARN_SUSPICIOUS_MOVE = YES;
				CLANG_WARN_UNGUARDED_AVAILABILITY = YES_AGGRESSIVE;
				CLANG_WARN_UNREACHABLE_CODE = YES;
				CLANG_WARN__DUPLICATE_METHOD_MATCH = YES;
				COPY_PHASE_STRIP = NO;
				DEBUG_INFORMATION_FORMAT = dwarf;
				ENABLE_STRICT_OBJC_MSGSEND = YES;
				ENABLE_TESTABILITY = YES;
				ENABLE_USER_SCRIPT_SANDBOXING = YES;
				GCC_C_LANGUAGE_STANDARD = gnu17;
				GCC_DYNAMIC_NO_PIC = NO;
				GCC_NO_COMMON_BLOCKS = YES;
				GCC_OPTIMIZATION_LEVEL = 0;
				GCC_PREPROCESSOR_DEFINITIONS = (
					"DEBUG=1",
					"$(inherited)",
				);
				GCC_WARN_64_TO_32_BIT_CONVERSION = YES;
				GCC_WARN_ABOUT_RETURN_TYPE = YES_ERROR;
				GCC_WARN_UNDECLARED_SELECTOR = YES;
				GCC_WARN_UNINITIALIZED_AUTOS = YES_AGGRESSIVE;
				GCC_WARN_UNUSED_FUNCTION = YES;
				GCC_WARN_UNUSED_VARIABLE = YES;
				IPHONEOS_DEPLOYMENT_TARGET = 17.0;
				LOCALIZATION_PREFERS_STRING_CATALOGS = YES;
				MTL_ENABLE_DEBUG_INFO = INCLUDE_SOURCE;
				MTL_FAST_MATH = YES;
				ONLY_ACTIVE_ARCH = YES;
				SDKROOT = iphoneos;
				SWIFT_ACTIVE_COMPILATION_CONDITIONS = "DEBUG $(inherited)";
				SWIFT_OPTIMIZATION_LEVEL = "-Onone";
			};
			name = Debug;
		};
		41D885B92B1A409E00A713BE /* Release */ = {
			isa = XCBuildConfiguration;
			buildSettings = {
				ALWAYS_SEARCH_USER_PATHS = NO;
				ASSETCATALOG_COMPILER_GENERATE_SWIFT_ASSET_SYMBOL_EXTENSIONS = YES;
				CLANG_ANALYZER_NONNULL = YES;
				CLANG_ANALYZER_NUMBER_OBJECT_CONVERSION = YES_AGGRESSIVE;
				CLANG_CXX_LANGUAGE_STANDARD = "gnu++20";
				CLANG_ENABLE_MODULES = YES;
				CLANG_ENABLE_OBJC_ARC = YES;
				CLANG_ENABLE_OBJC_WEAK = YES;
				CLANG_WARN_BLOCK_CAPTURE_AUTORELEASING = YES;
				CLANG_WARN_BOOL_CONVERSION = YES;
				CLANG_WARN_COMMA = YES;
				CLANG_WARN_CONSTANT_CONVERSION = YES;
				CLANG_WARN_DEPRECATED_OBJC_IMPLEMENTATIONS = YES;
				CLANG_WARN_DIRECT_OBJC_ISA_USAGE = YES_ERROR;
				CLANG_WARN_DOCUMENTATION_COMMENTS = YES;
				CLANG_WARN_EMPTY_BODY = YES;
				CLANG_WARN_ENUM_CONVERSION = YES;
				CLANG_WARN_INFINITE_RECURSION = YES;
				CLANG_WARN_INT_CONVERSION = YES;
				CLANG_WARN_NON_LITERAL_NULL_CONVERSION = YES;
				CLANG_WARN_OBJC_IMPLICIT_RETAIN_SELF = YES;
				CLANG_WARN_OBJC_LITERAL_CONVERSION = YES;
				CLANG_WARN_OBJC_ROOT_CLASS = YES_ERROR;
				CLANG_WARN_QUOTED_INCLUDE_IN_FRAMEWORK_HEADER = YES;
				CLANG_WARN_RANGE_LOOP_ANALYSIS = YES;
				CLANG_WARN_STRICT_PROTOTYPES = YES;
				CLANG_WARN_SUSPICIOUS_MOVE = YES;
				CLANG_WARN_UNGUARDED_AVAILABILITY = YES_AGGRESSIVE;
				CLANG_WARN_UNREACHABLE_CODE = YES;
				CLANG_WARN__DUPLICATE_METHOD_MATCH = YES;
				COPY_PHASE_STRIP = NO;
				DEBUG_INFORMATION_FORMAT = "dwarf-with-dsym";
				ENABLE_NS_ASSERTIONS = NO;
				ENABLE_STRICT_OBJC_MSGSEND = YES;
				ENABLE_USER_SCRIPT_SANDBOXING = YES;
				GCC_C_LANGUAGE_STANDARD = gnu17;
				GCC_NO_COMMON_BLOCKS = YES;
				GCC_WARN_64_TO_32_BIT_CONVERSION = YES;
				GCC_WARN_ABOUT_RETURN_TYPE = YES_ERROR;
				GCC_WARN_UNDECLARED_SELECTOR = YES;
				GCC_WARN_UNINITIALIZED_AUTOS = YES_AGGRESSIVE;
				GCC_WARN_UNUSED_FUNCTION = YES;
				GCC_WARN_UNUSED_VARIABLE = YES;
				IPHONEOS_DEPLOYMENT_TARGET = 17.0;
				LOCALIZATION_PREFERS_STRING_CATALOGS = YES;
				MTL_ENABLE_DEBUG_INFO = NO;
				MTL_FAST_MATH = YES;
				SDKROOT = iphoneos;
				SWIFT_COMPILATION_MODE = wholemodule;
				VALIDATE_PRODUCT = YES;
			};
			name = Release;
		};
		41D885BB2B1A409E00A713BE /* Debug */ = {
			isa = XCBuildConfiguration;
			buildSettings = {
				ASSETCATALOG_COMPILER_APPICON_NAME = AppIcon;
				ASSETCATALOG_COMPILER_GLOBAL_ACCENT_COLOR_NAME = AccentColor;
				CODE_SIGN_STYLE = Automatic;
				CURRENT_PROJECT_VERSION = 1;
				DEVELOPMENT_ASSET_PATHS = "\"UnitsConverter/Preview Content\"";
				DEVELOPMENT_TEAM = NV49P65Q2R;
				ENABLE_PREVIEWS = YES;
				GENERATE_INFOPLIST_FILE = YES;
				INFOPLIST_KEY_UIApplicationSceneManifest_Generation = YES;
				INFOPLIST_KEY_UIApplicationSupportsIndirectInputEvents = YES;
				INFOPLIST_KEY_UILaunchScreen_Generation = YES;
				INFOPLIST_KEY_UISupportedInterfaceOrientations_iPad = "UIInterfaceOrientationPortrait UIInterfaceOrientationPortraitUpsideDown UIInterfaceOrientationLandscapeLeft UIInterfaceOrientationLandscapeRight";
				INFOPLIST_KEY_UISupportedInterfaceOrientations_iPhone = "UIInterfaceOrientationPortrait UIInterfaceOrientationLandscapeLeft UIInterfaceOrientationLandscapeRight";
				LD_RUNPATH_SEARCH_PATHS = (
					"$(inherited)",
					"@executable_path/Frameworks",
				);
				MARKETING_VERSION = 1.0;
				PRODUCT_BUNDLE_IDENTIFIER = akvitae.UnitsConverter;
				PRODUCT_NAME = "$(TARGET_NAME)";
				SWIFT_EMIT_LOC_STRINGS = YES;
				SWIFT_VERSION = 5.0;
				TARGETED_DEVICE_FAMILY = "1,2";
			};
			name = Debug;
		};
		41D885BC2B1A409E00A713BE /* Release */ = {
			isa = XCBuildConfiguration;
			buildSettings = {
				ASSETCATALOG_COMPILER_APPICON_NAME = AppIcon;
				ASSETCATALOG_COMPILER_GLOBAL_ACCENT_COLOR_NAME = AccentColor;
				CODE_SIGN_STYLE = Automatic;
				CURRENT_PROJECT_VERSION = 1;
				DEVELOPMENT_ASSET_PATHS = "\"UnitsConverter/Preview Content\"";
				DEVELOPMENT_TEAM = NV49P65Q2R;
				ENABLE_PREVIEWS = YES;
				GENERATE_INFOPLIST_FILE = YES;
				INFOPLIST_KEY_UIApplicationSceneManifest_Generation = YES;
				INFOPLIST_KEY_UIApplicationSupportsIndirectInputEvents = YES;
				INFOPLIST_KEY_UILaunchScreen_Generation = YES;
				INFOPLIST_KEY_UISupportedInterfaceOrientations_iPad = "UIInterfaceOrientationPortrait UIInterfaceOrientationPortraitUpsideDown UIInterfaceOrientationLandscapeLeft UIInterfaceOrientationLandscapeRight";
				INFOPLIST_KEY_UISupportedInterfaceOrientations_iPhone = "UIInterfaceOrientationPortrait UIInterfaceOrientationLandscapeLeft UIInterfaceOrientationLandscapeRight";
				LD_RUNPATH_SEARCH_PATHS = (
					"$(inherited)",
					"@executable_path/Frameworks",
				);
				MARKETING_VERSION = 1.0;
				PRODUCT_BUNDLE_IDENTIFIER = akvitae.UnitsConverter;
				PRODUCT_NAME = "$(TARGET_NAME)";
				SWIFT_EMIT_LOC_STRINGS = YES;
				SWIFT_VERSION = 5.0;
				TARGETED_DEVICE_FAMILY = "1,2";
			};
			name = Release;
		};
/* End XCBuildConfiguration section */

/* Begin XCConfigurationList section */
		41D885A72B1A409D00A713BE /* Build configuration list for PBXProject "UnitsConverter" */ = {
			isa = XCConfigurationList;
			buildConfigurations = (
				41D885B82B1A409E00A713BE /* Debug */,
				41D885B92B1A409E00A713BE /* Release */,
			);
			defaultConfigurationIsVisible = 0;
			defaultConfigurationName = Release;
		};
		41D885BA2B1A409E00A713BE /* Build configuration list for PBXNativeTarget "UnitsConverter" */ = {
			isa = XCConfigurationList;
			buildConfigurations = (
				41D885BB2B1A409E00A713BE /* Debug */,
				41D885BC2B1A409E00A713BE /* Release */,
			);
			defaultConfigurationIsVisible = 0;
			defaultConfigurationName = Release;
		};
/* End XCConfigurationList section */
	};
	rootObject = 41D885A42B1A409D00A713BE /* Project object */;
}
