// !$*UTF8*$!
{
	archiveVersion = 1;
	classes = {
	};
	objectVersion = 56;
	objects = {

/* Begin PBXBuildFile section */
		41D886262B2CB02000A713BE /* AnimationsBasicApp.swift in Sources */ = {isa = PBXBuildFile; fileRef = 41D886252B2CB02000A713BE /* AnimationsBasicApp.swift */; };
		41D886282B2CB02000A713BE /* ContentView.swift in Sources */ = {isa = PBXBuildFile; fileRef = 41D886272B2CB02000A713BE /* ContentView.swift */; };
		41D8862A2B2CB02200A713BE /* Assets.xcassets in Resources */ = {isa = PBXBuildFile; fileRef = 41D886292B2CB02200A713BE /* Assets.xcassets */; };
		41D8862D2B2CB02200A713BE /* Preview Assets.xcassets in Resources */ = {isa = PBXBuildFile; fileRef = 41D8862C2B2CB02200A713BE /* Preview Assets.xcassets */; };
		41D886342B2CB4C800A713BE /* AnimatingBindings.swift in Sources */ = {isa = PBXBuildFile; fileRef = 41D886332B2CB4C800A713BE /* AnimatingBindings.swift */; };
		41D886362B2CB5D200A713BE /* ExplicitAnimations.swift in Sources */ = {isa = PBXBuildFile; fileRef = 41D886352B2CB5D200A713BE /* ExplicitAnimations.swift */; };
		41D886382B2CB7C100A713BE /* AnimationStack.swift in Sources */ = {isa = PBXBuildFile; fileRef = 41D886372B2CB7C100A713BE /* AnimationStack.swift */; };
		41D8863A2B2CBCB100A713BE /* AnimatingGestures.swift in Sources */ = {isa = PBXBuildFile; fileRef = 41D886392B2CBCB100A713BE /* AnimatingGestures.swift */; };
		41D8863C2B2CBE3D00A713BE /* CustomTransitions.swift in Sources */ = {isa = PBXBuildFile; fileRef = 41D8863B2B2CBE3D00A713BE /* CustomTransitions.swift */; };
/* End PBXBuildFile section */

/* Begin PBXFileReference section */
		41D886222B2CB02000A713BE /* AnimationsBasic.app */ = {isa = PBXFileReference; explicitFileType = wrapper.application; includeInIndex = 0; path = AnimationsBasic.app; sourceTree = BUILT_PRODUCTS_DIR; };
		41D886252B2CB02000A713BE /* AnimationsBasicApp.swift */ = {isa = PBXFileReference; lastKnownFileType = sourcecode.swift; path = AnimationsBasicApp.swift; sourceTree = "<group>"; };
		41D886272B2CB02000A713BE /* ContentView.swift */ = {isa = PBXFileReference; lastKnownFileType = sourcecode.swift; path = ContentView.swift; sourceTree = "<group>"; };
		41D886292B2CB02200A713BE /* Assets.xcassets */ = {isa = PBXFileReference; lastKnownFileType = folder.assetcatalog; path = Assets.xcassets; sourceTree = "<group>"; };
		41D8862C2B2CB02200A713BE /* Preview Assets.xcassets */ = {isa = PBXFileReference; lastKnownFileType = folder.assetcatalog; path = "Preview Assets.xcassets"; sourceTree = "<group>"; };
		41D886332B2CB4C800A713BE /* AnimatingBindings.swift */ = {isa = PBXFileReference; lastKnownFileType = sourcecode.swift; path = AnimatingBindings.swift; sourceTree = "<group>"; };
		41D886352B2CB5D200A713BE /* ExplicitAnimations.swift */ = {isa = PBXFileReference; lastKnownFileType = sourcecode.swift; path = ExplicitAnimations.swift; sourceTree = "<group>"; };
		41D886372B2CB7C100A713BE /* AnimationStack.swift */ = {isa = PBXFileReference; lastKnownFileType = sourcecode.swift; path = AnimationStack.swift; sourceTree = "<group>"; };
		41D886392B2CBCB100A713BE /* AnimatingGestures.swift */ = {isa = PBXFileReference; lastKnownFileType = sourcecode.swift; path = AnimatingGestures.swift; sourceTree = "<group>"; };
		41D8863B2B2CBE3D00A713BE /* CustomTransitions.swift */ = {isa = PBXFileReference; lastKnownFileType = sourcecode.swift; path = CustomTransitions.swift; sourceTree = "<group>"; };
/* End PBXFileReference section */

/* Begin PBXFrameworksBuildPhase section */
		41D8861F2B2CB02000A713BE /* Frameworks */ = {
			isa = PBXFrameworksBuildPhase;
			buildActionMask = 2147483647;
			files = (
			);
			runOnlyForDeploymentPostprocessing = 0;
		};
/* End PBXFrameworksBuildPhase section */

/* Begin PBXGroup section */
		41D886192B2CB02000A713BE = {
			isa = PBXGroup;
			children = (
				41D886242B2CB02000A713BE /* AnimationsBasic */,
				41D886232B2CB02000A713BE /* Products */,
			);
			sourceTree = "<group>";
		};
		41D886232B2CB02000A713BE /* Products */ = {
			isa = PBXGroup;
			children = (
				41D886222B2CB02000A713BE /* AnimationsBasic.app */,
			);
			name = Products;
			sourceTree = "<group>";
		};
		41D886242B2CB02000A713BE /* AnimationsBasic */ = {
			isa = PBXGroup;
			children = (
				41D886252B2CB02000A713BE /* AnimationsBasicApp.swift */,
				41D886272B2CB02000A713BE /* ContentView.swift */,
				41D886292B2CB02200A713BE /* Assets.xcassets */,
				41D8862B2B2CB02200A713BE /* Preview Content */,
				41D886332B2CB4C800A713BE /* AnimatingBindings.swift */,
				41D886352B2CB5D200A713BE /* ExplicitAnimations.swift */,
				41D886372B2CB7C100A713BE /* AnimationStack.swift */,
				41D886392B2CBCB100A713BE /* AnimatingGestures.swift */,
				41D8863B2B2CBE3D00A713BE /* CustomTransitions.swift */,
			);
			path = AnimationsBasic;
			sourceTree = "<group>";
		};
		41D8862B2B2CB02200A713BE /* Preview Content */ = {
			isa = PBXGroup;
			children = (
				41D8862C2B2CB02200A713BE /* Preview Assets.xcassets */,
			);
			path = "Preview Content";
			sourceTree = "<group>";
		};
/* End PBXGroup section */

/* Begin PBXNativeTarget section */
		41D886212B2CB02000A713BE /* AnimationsBasic */ = {
			isa = PBXNativeTarget;
			buildConfigurationList = 41D886302B2CB02200A713BE /* Build configuration list for PBXNativeTarget "AnimationsBasic" */;
			buildPhases = (
				41D8861E2B2CB02000A713BE /* Sources */,
				41D8861F2B2CB02000A713BE /* Frameworks */,
				41D886202B2CB02000A713BE /* Resources */,
			);
			buildRules = (
			);
			dependencies = (
			);
			name = AnimationsBasic;
			productName = AnimationsBasic;
			productReference = 41D886222B2CB02000A713BE /* AnimationsBasic.app */;
			productType = "com.apple.product-type.application";
		};
/* End PBXNativeTarget section */

/* Begin PBXProject section */
		41D8861A2B2CB02000A713BE /* Project object */ = {
			isa = PBXProject;
			attributes = {
				BuildIndependentTargetsInParallel = 1;
				LastSwiftUpdateCheck = 1500;
				LastUpgradeCheck = 1500;
				TargetAttributes = {
					41D886212B2CB02000A713BE = {
						CreatedOnToolsVersion = 15.0;
					};
				};
			};
			buildConfigurationList = 41D8861D2B2CB02000A713BE /* Build configuration list for PBXProject "AnimationsBasic" */;
			compatibilityVersion = "Xcode 14.0";
			developmentRegion = en;
			hasScannedForEncodings = 0;
			knownRegions = (
				en,
				Base,
			);
			mainGroup = 41D886192B2CB02000A713BE;
			productRefGroup = 41D886232B2CB02000A713BE /* Products */;
			projectDirPath = "";
			projectRoot = "";
			targets = (
				41D886212B2CB02000A713BE /* AnimationsBasic */,
			);
		};
/* End PBXProject section */

/* Begin PBXResourcesBuildPhase section */
		41D886202B2CB02000A713BE /* Resources */ = {
			isa = PBXResourcesBuildPhase;
			buildActionMask = 2147483647;
			files = (
				41D8862D2B2CB02200A713BE /* Preview Assets.xcassets in Resources */,
				41D8862A2B2CB02200A713BE /* Assets.xcassets in Resources */,
			);
			runOnlyForDeploymentPostprocessing = 0;
		};
/* End PBXResourcesBuildPhase section */

/* Begin PBXSourcesBuildPhase section */
		41D8861E2B2CB02000A713BE /* Sources */ = {
			isa = PBXSourcesBuildPhase;
			buildActionMask = 2147483647;
			files = (
				41D8863A2B2CBCB100A713BE /* AnimatingGestures.swift in Sources */,
				41D886382B2CB7C100A713BE /* AnimationStack.swift in Sources */,
				41D886362B2CB5D200A713BE /* ExplicitAnimations.swift in Sources */,
				41D886282B2CB02000A713BE /* ContentView.swift in Sources */,
				41D886262B2CB02000A713BE /* AnimationsBasicApp.swift in Sources */,
				41D886342B2CB4C800A713BE /* AnimatingBindings.swift in Sources */,
				41D8863C2B2CBE3D00A713BE /* CustomTransitions.swift in Sources */,
			);
			runOnlyForDeploymentPostprocessing = 0;
		};
/* End PBXSourcesBuildPhase section */

/* Begin XCBuildConfiguration section */
		41D8862E2B2CB02200A713BE /* Debug */ = {
			isa = XCBuildConfiguration;
			buildSettings = {
				ALWAYS_SEARCH_USER_PATHS = NO;
				ASSETCATALOG_COMPILER_GENERATE_SWIFT_ASSET_SYMBOL_EXTENSIONS = YES;
				CLANG_ANALYZER_NONNULL = YES;
				CLANG_ANALYZER_NUMBER_OBJECT_CONVERSION = YES_AGGRESSIVE;
				CLANG_CXX_LANGUAGE_STANDARD = "gnu++20";
				CLANG_ENABLE_MODULES = YES;
				CLANG_ENABLE_OBJC_ARC = YES;
				CLANG_ENABLE_OBJC_WEAK = YES;
				CLANG_WARN_BLOCK_CAPTURE_AUTORELEASING = YES;
				CLANG_WARN_BOOL_CONVERSION = YES;
				CLANG_WARN_COMMA = YES;
				CLANG_WARN_CONSTANT_CONVERSION = YES;
				CLANG_WARN_DEPRECATED_OBJC_IMPLEMENTATIONS = YES;
				CLANG_WARN_DIRECT_OBJC_ISA_USAGE = YES_ERROR;
				CLANG_WARN_DOCUMENTATION_COMMENTS = YES;
				CLANG_WARN_EMPTY_BODY = YES;
				CLANG_WARN_ENUM_CONVERSION = YES;
				CLANG_WARN_INFINITE_RECURSION = YES;
				CLANG_WARN_INT_CONVERSION = YES;
				CLANG_WARN_NON_LITERAL_NULL_CONVERSION = YES;
				CLANG_WARN_OBJC_IMPLICIT_RETAIN_SELF = YES;
				CLANG_WARN_OBJC_LITERAL_CONVERSION = YES;
				CLANG_WARN_OBJC_ROOT_CLASS = YES_ERROR;
				CLANG_WARN_QUOTED_INCLUDE_IN_FRAMEWORK_HEADER = YES;
				CLANG_WARN_RANGE_LOOP_ANALYSIS = YES;
				CLANG_WARN_STRICT_PROTOTYPES = YES;
				CLANG_WARN_SUSPICIOUS_MOVE = YES;
				CLANG_WARN_UNGUARDED_AVAILABILITY = YES_AGGRESSIVE;
				CLANG_WARN_UNREACHABLE_CODE = YES;
				CLANG_WARN__DUPLICATE_METHOD_MATCH = YES;
				COPY_PHASE_STRIP = NO;
				DEBUG_INFORMATION_FORMAT = dwarf;
				ENABLE_STRICT_OBJC_MSGSEND = YES;
				ENABLE_TESTABILITY = YES;
				ENABLE_USER_SCRIPT_SANDBOXING = YES;
				GCC_C_LANGUAGE_STANDARD = gnu17;
				GCC_DYNAMIC_NO_PIC = NO;
				GCC_NO_COMMON_BLOCKS = YES;
				GCC_OPTIMIZATION_LEVEL = 0;
				GCC_PREPROCESSOR_DEFINITIONS = (
					"DEBUG=1",
					"$(inherited)",
				);
				GCC_WARN_64_TO_32_BIT_CONVERSION = YES;
				GCC_WARN_ABOUT_RETURN_TYPE = YES_ERROR;
				GCC_WARN_UNDECLARED_SELECTOR = YES;
				GCC_WARN_UNINITIALIZED_AUTOS = YES_AGGRESSIVE;
				GCC_WARN_UNUSED_FUNCTION = YES;
				GCC_WARN_UNUSED_VARIABLE = YES;
				IPHONEOS_DEPLOYMENT_TARGET = 17.0;
				LOCALIZATION_PREFERS_STRING_CATALOGS = YES;
				MTL_ENABLE_DEBUG_INFO = INCLUDE_SOURCE;
				MTL_FAST_MATH = YES;
				ONLY_ACTIVE_ARCH = YES;
				SDKROOT = iphoneos;
				SWIFT_ACTIVE_COMPILATION_CONDITIONS = "DEBUG $(inherited)";
				SWIFT_OPTIMIZATION_LEVEL = "-Onone";
			};
			name = Debug;
		};
		41D8862F2B2CB02200A713BE /* Release */ = {
			isa = XCBuildConfiguration;
			buildSettings = {
				ALWAYS_SEARCH_USER_PATHS = NO;
				ASSETCATALOG_COMPILER_GENERATE_SWIFT_ASSET_SYMBOL_EXTENSIONS = YES;
				CLANG_ANALYZER_NONNULL = YES;
				CLANG_ANALYZER_NUMBER_OBJECT_CONVERSION = YES_AGGRESSIVE;
				CLANG_CXX_LANGUAGE_STANDARD = "gnu++20";
				CLANG_ENABLE_MODULES = YES;
				CLANG_ENABLE_OBJC_ARC = YES;
				CLANG_ENABLE_OBJC_WEAK = YES;
				CLANG_WARN_BLOCK_CAPTURE_AUTORELEASING = YES;
				CLANG_WARN_BOOL_CONVERSION = YES;
				CLANG_WARN_COMMA = YES;
				CLANG_WARN_CONSTANT_CONVERSION = YES;
				CLANG_WARN_DEPRECATED_OBJC_IMPLEMENTATIONS = YES;
				CLANG_WARN_DIRECT_OBJC_ISA_USAGE = YES_ERROR;
				CLANG_WARN_DOCUMENTATION_COMMENTS = YES;
				CLANG_WARN_EMPTY_BODY = YES;
				CLANG_WARN_ENUM_CONVERSION = YES;
				CLANG_WARN_INFINITE_RECURSION = YES;
				CLANG_WARN_INT_CONVERSION = YES;
				CLANG_WARN_NON_LITERAL_NULL_CONVERSION = YES;
				CLANG_WARN_OBJC_IMPLICIT_RETAIN_SELF = YES;
				CLANG_WARN_OBJC_LITERAL_CONVERSION = YES;
				CLANG_WARN_OBJC_ROOT_CLASS = YES_ERROR;
				CLANG_WARN_QUOTED_INCLUDE_IN_FRAMEWORK_HEADER = YES;
				CLANG_WARN_RANGE_LOOP_ANALYSIS = YES;
				CLANG_WARN_STRICT_PROTOTYPES = YES;
				CLANG_WARN_SUSPICIOUS_MOVE = YES;
				CLANG_WARN_UNGUARDED_AVAILABILITY = YES_AGGRESSIVE;
				CLANG_WARN_UNREACHABLE_CODE = YES;
				CLANG_WARN__DUPLICATE_METHOD_MATCH = YES;
				COPY_PHASE_STRIP = NO;
				DEBUG_INFORMATION_FORMAT = "dwarf-with-dsym";
				ENABLE_NS_ASSERTIONS = NO;
				ENABLE_STRICT_OBJC_MSGSEND = YES;
				ENABLE_USER_SCRIPT_SANDBOXING = YES;
				GCC_C_LANGUAGE_STANDARD = gnu17;
				GCC_NO_COMMON_BLOCKS = YES;
				GCC_WARN_64_TO_32_BIT_CONVERSION = YES;
				GCC_WARN_ABOUT_RETURN_TYPE = YES_ERROR;
				GCC_WARN_UNDECLARED_SELECTOR = YES;
				GCC_WARN_UNINITIALIZED_AUTOS = YES_AGGRESSIVE;
				GCC_WARN_UNUSED_FUNCTION = YES;
				GCC_WARN_UNUSED_VARIABLE = YES;
				IPHONEOS_DEPLOYMENT_TARGET = 17.0;
				LOCALIZATION_PREFERS_STRING_CATALOGS = YES;
				MTL_ENABLE_DEBUG_INFO = NO;
				MTL_FAST_MATH = YES;
				SDKROOT = iphoneos;
				SWIFT_COMPILATION_MODE = wholemodule;
				VALIDATE_PRODUCT = YES;
			};
			name = Release;
		};
		41D886312B2CB02200A713BE /* Debug */ = {
			isa = XCBuildConfiguration;
			buildSettings = {
				ASSETCATALOG_COMPILER_APPICON_NAME = AppIcon;
				ASSETCATALOG_COMPILER_GLOBAL_ACCENT_COLOR_NAME = AccentColor;
				CODE_SIGN_STYLE = Automatic;
				CURRENT_PROJECT_VERSION = 1;
				DEVELOPMENT_ASSET_PATHS = "\"AnimationsBasic/Preview Content\"";
				DEVELOPMENT_TEAM = NV49P65Q2R;
				ENABLE_PREVIEWS = YES;
				GENERATE_INFOPLIST_FILE = YES;
				INFOPLIST_KEY_UIApplicationSceneManifest_Generation = YES;
				INFOPLIST_KEY_UIApplicationSupportsIndirectInputEvents = YES;
				INFOPLIST_KEY_UILaunchScreen_Generation = YES;
				INFOPLIST_KEY_UISupportedInterfaceOrientations_iPad = "UIInterfaceOrientationPortrait UIInterfaceOrientationPortraitUpsideDown UIInterfaceOrientationLandscapeLeft UIInterfaceOrientationLandscapeRight";
				INFOPLIST_KEY_UISupportedInterfaceOrientations_iPhone = "UIInterfaceOrientationPortrait UIInterfaceOrientationLandscapeLeft UIInterfaceOrientationLandscapeRight";
				LD_RUNPATH_SEARCH_PATHS = (
					"$(inherited)",
					"@executable_path/Frameworks",
				);
				MARKETING_VERSION = 1.0;
				PRODUCT_BUNDLE_IDENTIFIER = akvitae.AnimationsBasic;
				PRODUCT_NAME = "$(TARGET_NAME)";
				SWIFT_EMIT_LOC_STRINGS = YES;
				SWIFT_VERSION = 5.0;
				TARGETED_DEVICE_FAMILY = "1,2";
			};
			name = Debug;
		};
		41D886322B2CB02200A713BE /* Release */ = {
			isa = XCBuildConfiguration;
			buildSettings = {
				ASSETCATALOG_COMPILER_APPICON_NAME = AppIcon;
				ASSETCATALOG_COMPILER_GLOBAL_ACCENT_COLOR_NAME = AccentColor;
				CODE_SIGN_STYLE = Automatic;
				CURRENT_PROJECT_VERSION = 1;
				DEVELOPMENT_ASSET_PATHS = "\"AnimationsBasic/Preview Content\"";
				DEVELOPMENT_TEAM = NV49P65Q2R;
				ENABLE_PREVIEWS = YES;
				GENERATE_INFOPLIST_FILE = YES;
				INFOPLIST_KEY_UIApplicationSceneManifest_Generation = YES;
				INFOPLIST_KEY_UIApplicationSupportsIndirectInputEvents = YES;
				INFOPLIST_KEY_UILaunchScreen_Generation = YES;
				INFOPLIST_KEY_UISupportedInterfaceOrientations_iPad = "UIInterfaceOrientationPortrait UIInterfaceOrientationPortraitUpsideDown UIInterfaceOrientationLandscapeLeft UIInterfaceOrientationLandscapeRight";
				INFOPLIST_KEY_UISupportedInterfaceOrientations_iPhone = "UIInterfaceOrientationPortrait UIInterfaceOrientationLandscapeLeft UIInterfaceOrientationLandscapeRight";
				LD_RUNPATH_SEARCH_PATHS = (
					"$(inherited)",
					"@executable_path/Frameworks",
				);
				MARKETING_VERSION = 1.0;
				PRODUCT_BUNDLE_IDENTIFIER = akvitae.AnimationsBasic;
				PRODUCT_NAME = "$(TARGET_NAME)";
				SWIFT_EMIT_LOC_STRINGS = YES;
				SWIFT_VERSION = 5.0;
				TARGETED_DEVICE_FAMILY = "1,2";
			};
			name = Release;
		};
/* End XCBuildConfiguration section */

/* Begin XCConfigurationList section */
		41D8861D2B2CB02000A713BE /* Build configuration list for PBXProject "AnimationsBasic" */ = {
			isa = XCConfigurationList;
			buildConfigurations = (
				41D8862E2B2CB02200A713BE /* Debug */,
				41D8862F2B2CB02200A713BE /* Release */,
			);
			defaultConfigurationIsVisible = 0;
			defaultConfigurationName = Release;
		};
		41D886302B2CB02200A713BE /* Build configuration list for PBXNativeTarget "AnimationsBasic" */ = {
			isa = XCConfigurationList;
			buildConfigurations = (
				41D886312B2CB02200A713BE /* Debug */,
				41D886322B2CB02200A713BE /* Release */,
			);
			defaultConfigurationIsVisible = 0;
			defaultConfigurationName = Release;
		};
/* End XCConfigurationList section */
	};
	rootObject = 41D8861A2B2CB02000A713BE /* Project object */;
}
